
Microsoft Visual Studio Solution File, Format Version 12.00
# Visual Studio Version 18
VisualStudioVersion = 18.3.11520.95 d18.3
MinimumVisualStudioVersion = 10.0.40219.1
Project("{FAE04EC0-301F-11D3-BF4B-00C04F79EFBC}") = "MediaControlMCP", "MediaControlMCP.csproj", "{208BF50F-C4C4-B8E0-BC18-A45F6C4B820B}"
EndProject
Global
	GlobalSection(SolutionConfigurationPlatforms) = preSolution
		Debug|Any CPU = Debug|Any CPU
		Release|Any CPU = Release|Any CPU
	EndGlobalSection
	GlobalSection(ProjectConfigurationPlatforms) = postSolution
		{208BF50F-C4C4-B8E0-BC18-A45F6C4B820B}.Debug|Any CPU.ActiveCfg = Debug|Any CPU
		{208BF50F-C4C4-B8E0-BC18-A45F6C4B820B}.Debug|Any CPU.Build.0 = Debug|Any CPU
		{208BF50F-C4C4-B8E0-BC18-A45F6C4B820B}.Release|Any CPU.ActiveCfg = Release|Any CPU
		{208BF50F-C4C4-B8E0-BC18-A45F6C4B820B}.Release|Any CPU.Build.0 = Release|Any CPU
	EndGlobalSection
	GlobalSection(SolutionProperties) = preSolution
		HideSolutionNode = FALSE
	EndGlobalSection
	GlobalSection(ExtensibilityGlobals) = postSolution
		SolutionGuid = {746584F4-C78A-46E6-BD1F-B77FBEDDE862}
	EndGlobalSection
EndGlobal
